
Microsoft Visual Studio Solution File, Format Version 12.00
# Visual Studio Version 17
VisualStudioVersion = 17.5.002.0
MinimumVisualStudioVersion = 10.0.40219.1
Project("{2150E333-8FDC-42A3-9474-1A3956D46DE8}") = "csharp-prep", "csharp-prep", "{08B14E0E-0C24-4EEE-9642-12761F163363}"
EndProject
Project("{9A19103F-16F7-4668-BE54-9A1E7A4F7556}") = "Prep1", "csharp-prep\Prep1\Prep1.csproj", "{F19F3E04-0875-483C-A795-F8A013B56E3C}"
EndProject
Project("{9A19103F-16F7-4668-BE54-9A1E7A4F7556}") = "Prep2", "csharp-prep\Prep2\Prep2.csproj", "{7F467AAA-4BD2-4A6D-910B-B085282C279F}"
EndProject
Project("{9A19103F-16F7-4668-BE54-9A1E7A4F7556}") = "Prep3", "csharp-prep\Prep3\Prep3.csproj", "{73833B0E-7411-41E7-B4B8-97CA3F4803C9}"
EndProject
Project("{9A19103F-16F7-4668-BE54-9A1E7A4F7556}") = "Prep4", "csharp-prep\Prep4\Prep4.csproj", "{A45B0411-0096-42A2-B6FB-A05499C6AF0E}"
EndProject
Project("{9A19103F-16F7-4668-BE54-9A1E7A4F7556}") = "Prep5", "csharp-prep\Prep5\Prep5.csproj", "{664B977F-2F59-4503-BAB6-6906A67EF685}"
EndProject
Project("{2150E333-8FDC-42A3-9474-1A3956D46DE8}") = "final", "final", "{098F451A-65DF-4766-8709-2B6B2C628B10}"
EndProject
Project("{9A19103F-16F7-4668-BE54-9A1E7A4F7556}") = "FinalProject", "final\FinalProject\FinalProject.csproj", "{34C5F0E3-A224-4256-996A-F96B9495B80A}"
EndProject
Project("{9A19103F-16F7-4668-BE54-9A1E7A4F7556}") = "Foundation1", "final\Foundation1\Foundation1.csproj", "{5022A69C-3950-4429-B274-4342570DC21C}"
EndProject
Project("{9A19103F-16F7-4668-BE54-9A1E7A4F7556}") = "Foundation2", "final\Foundation2\Foundation2.csproj", "{0915DC1F-DAA1-4E19-B518-BD674DEAABF8}"
EndProject
Project("{9A19103F-16F7-4668-BE54-9A1E7A4F7556}") = "Foundation3", "final\Foundation3\Foundation3.csproj", "{1C50C98F-22A6-472F-906F-2AC31FEA8EB8}"
EndProject
Project("{9A19103F-16F7-4668-BE54-9A1E7A4F7556}") = "Foundation4", "final\Foundation4\Foundation4.csproj", "{5BF6DF80-4537-4051-B92A-E174D36423A1}"
EndProject
Project("{2150E333-8FDC-42A3-9474-1A3956D46DE8}") = "prepare", "prepare", "{AB3AC468-8EA6-49D1-91BE-315589514202}"
EndProject
Project("{9A19103F-16F7-4668-BE54-9A1E7A4F7556}") = "Learning02", "prepare\Learning02\Learning02.csproj", "{2AE3D6F8-1D67-4A7E-B04C-2BA4BDBB667B}"
EndProject
Project("{9A19103F-16F7-4668-BE54-9A1E7A4F7556}") = "Learning03", "prepare\Learning03\Learning03.csproj", "{8AD2A5BB-DFE8-4217-B162-E3550FEE2EF6}"
EndProject
Project("{9A19103F-16F7-4668-BE54-9A1E7A4F7556}") = "Learning04", "prepare\Learning04\Learning04.csproj", "{CA33A53B-D4F7-4B88-B0BC-30957D37F519}"
EndProject
Project("{9A19103F-16F7-4668-BE54-9A1E7A4F7556}") = "Learning05", "prepare\Learning05\Learning05.csproj", "{01FB7D36-AD2D-43E5-8639-E1C49629D190}"
EndProject
Project("{2150E333-8FDC-42A3-9474-1A3956D46DE8}") = "prove", "prove", "{C61013A6-5336-4770-956E-ACD065A646D0}"
EndProject
Project("{9A19103F-16F7-4668-BE54-9A1E7A4F7556}") = "Develop02", "prove\Develop02\Develop02.csproj", "{FE71246E-2BFB-4E26-BF5C-BC8DA765D65B}"
EndProject
Project("{9A19103F-16F7-4668-BE54-9A1E7A4F7556}") = "Develop03", "prove\Develop03\Develop03.csproj", "{2EBE03E7-EABC-4ABF-AE6C-2AAFE7B93A09}"
EndProject
Project("{9A19103F-16F7-4668-BE54-9A1E7A4F7556}") = "Develop04", "prove\Develop04\Develop04.csproj", "{FD8E20E9-54D9-47D2-B043-4BBD0BC13BBB}"
EndProject
Project("{9A19103F-16F7-4668-BE54-9A1E7A4F7556}") = "Develop05", "prove\Develop05\Develop05.csproj", "{4C402827-87A4-4D46-ACE6-9D66D185A18E}"
EndProject
Project("{2150E333-8FDC-42A3-9474-1A3956D46DE8}") = "sandbox", "sandbox", "{38EB8611-A773-453B-A527-8902D3D7C63C}"
EndProject
Project("{9A19103F-16F7-4668-BE54-9A1E7A4F7556}") = "Sandbox", "sandbox\Sandbox\Sandbox.csproj", "{E8A50F06-0582-4088-9913-DD65D1990529}"
EndProject
Global
	GlobalSection(SolutionConfigurationPlatforms) = preSolution
		Debug|Any CPU = Debug|Any CPU
		Release|Any CPU = Release|Any CPU
	EndGlobalSection
	GlobalSection(ProjectConfigurationPlatforms) = postSolution
		{F19F3E04-0875-483C-A795-F8A013B56E3C}.Debug|Any CPU.ActiveCfg = Debug|Any CPU
		{F19F3E04-0875-483C-A795-F8A013B56E3C}.Debug|Any CPU.Build.0 = Debug|Any CPU
		{F19F3E04-0875-483C-A795-F8A013B56E3C}.Release|Any CPU.ActiveCfg = Release|Any CPU
		{F19F3E04-0875-483C-A795-F8A013B56E3C}.Release|Any CPU.Build.0 = Release|Any CPU
		{7F467AAA-4BD2-4A6D-910B-B085282C279F}.Debug|Any CPU.ActiveCfg = Debug|Any CPU
		{7F467AAA-4BD2-4A6D-910B-B085282C279F}.Debug|Any CPU.Build.0 = Debug|Any CPU
		{7F467AAA-4BD2-4A6D-910B-B085282C279F}.Release|Any CPU.ActiveCfg = Release|Any CPU
		{7F467AAA-4BD2-4A6D-910B-B085282C279F}.Release|Any CPU.Build.0 = Release|Any CPU
		{73833B0E-7411-41E7-B4B8-97CA3F4803C9}.Debug|Any CPU.ActiveCfg = Debug|Any CPU
		{73833B0E-7411-41E7-B4B8-97CA3F4803C9}.Debug|Any CPU.Build.0 = Debug|Any CPU
		{73833B0E-7411-41E7-B4B8-97CA3F4803C9}.Release|Any CPU.ActiveCfg = Release|Any CPU
		{73833B0E-7411-41E7-B4B8-97CA3F4803C9}.Release|Any CPU.Build.0 = Release|Any CPU
		{A45B0411-0096-42A2-B6FB-A05499C6AF0E}.Debug|Any CPU.ActiveCfg = Debug|Any CPU
		{A45B0411-0096-42A2-B6FB-A05499C6AF0E}.Debug|Any CPU.Build.0 = Debug|Any CPU
		{A45B0411-0096-42A2-B6FB-A05499C6AF0E}.Release|Any CPU.ActiveCfg = Release|Any CPU
		{A45B0411-0096-42A2-B6FB-A05499C6AF0E}.Release|Any CPU.Build.0 = Release|Any CPU
		{664B977F-2F59-4503-BAB6-6906A67EF685}.Debug|Any CPU.ActiveCfg = Debug|Any CPU
		{664B977F-2F59-4503-BAB6-6906A67EF685}.Debug|Any CPU.Build.0 = Debug|Any CPU
		{664B977F-2F59-4503-BAB6-6906A67EF685}.Release|Any CPU.ActiveCfg = Release|Any CPU
		{664B977F-2F59-4503-BAB6-6906A67EF685}.Release|Any CPU.Build.0 = Release|Any CPU
		{34C5F0E3-A224-4256-996A-F96B9495B80A}.Debug|Any CPU.ActiveCfg = Debug|Any CPU
		{34C5F0E3-A224-4256-996A-F96B9495B80A}.Debug|Any CPU.Build.0 = Debug|Any CPU
		{34C5F0E3-A224-4256-996A-F96B9495B80A}.Release|Any CPU.ActiveCfg = Release|Any CPU
		{34C5F0E3-A224-4256-996A-F96B9495B80A}.Release|Any CPU.Build.0 = Release|Any CPU
		{5022A69C-3950-4429-B274-4342570DC21C}.Debug|Any CPU.ActiveCfg = Debug|Any CPU
		{5022A69C-3950-4429-B274-4342570DC21C}.Debug|Any CPU.Build.0 = Debug|Any CPU
		{5022A69C-3950-4429-B274-4342570DC21C}.Release|Any CPU.ActiveCfg = Release|Any CPU
		{5022A69C-3950-4429-B274-4342570DC21C}.Release|Any CPU.Build.0 = Release|Any CPU
		{0915DC1F-DAA1-4E19-B518-BD674DEAABF8}.Debug|Any CPU.ActiveCfg = Debug|Any CPU
		{0915DC1F-DAA1-4E19-B518-BD674DEAABF8}.Debug|Any CPU.Build.0 = Debug|Any CPU
		{0915DC1F-DAA1-4E19-B518-BD674DEAABF8}.Release|Any CPU.ActiveCfg = Release|Any CPU
		{0915DC1F-DAA1-4E19-B518-BD674DEAABF8}.Release|Any CPU.Build.0 = Release|Any CPU
		{1C50C98F-22A6-472F-906F-2AC31FEA8EB8}.Debug|Any CPU.ActiveCfg = Debug|Any CPU
		{1C50C98F-22A6-472F-906F-2AC31FEA8EB8}.Debug|Any CPU.Build.0 = Debug|Any CPU
		{1C50C98F-22A6-472F-906F-2AC31FEA8EB8}.Release|Any CPU.ActiveCfg = Release|Any CPU
		{1C50C98F-22A6-472F-906F-2AC31FEA8EB8}.Release|Any CPU.Build.0 = Release|Any CPU
		{5BF6DF80-4537-4051-B92A-E174D36423A1}.Debug|Any CPU.ActiveCfg = Debug|Any CPU
		{5BF6DF80-4537-4051-B92A-E174D36423A1}.Debug|Any CPU.Build.0 = Debug|Any CPU
		{5BF6DF80-4537-4051-B92A-E174D36423A1}.Release|Any CPU.ActiveCfg = Release|Any CPU
		{5BF6DF80-4537-4051-B92A-E174D36423A1}.Release|Any CPU.Build.0 = Release|Any CPU
		{2AE3D6F8-1D67-4A7E-B04C-2BA4BDBB667B}.Debug|Any CPU.ActiveCfg = Debug|Any CPU
		{2AE3D6F8-1D67-4A7E-B04C-2BA4BDBB667B}.Debug|Any CPU.Build.0 = Debug|Any CPU
		{2AE3D6F8-1D67-4A7E-B04C-2BA4BDBB667B}.Release|Any CPU.ActiveCfg = Release|Any CPU
		{2AE3D6F8-1D67-4A7E-B04C-2BA4BDBB667B}.Release|Any CPU.Build.0 = Release|Any CPU
		{8AD2A5BB-DFE8-4217-B162-E3550FEE2EF6}.Debug|Any CPU.ActiveCfg = Debug|Any CPU
		{8AD2A5BB-DFE8-4217-B162-E3550FEE2EF6}.Debug|Any CPU.Build.0 = Debug|Any CPU
		{8AD2A5BB-DFE8-4217-B162-E3550FEE2EF6}.Release|Any CPU.ActiveCfg = Release|Any CPU
		{8AD2A5BB-DFE8-4217-B162-E3550FEE2EF6}.Release|Any CPU.Build.0 = Release|Any CPU
		{CA33A53B-D4F7-4B88-B0BC-30957D37F519}.Debug|Any CPU.ActiveCfg = Debug|Any CPU
		{CA33A53B-D4F7-4B88-B0BC-30957D37F519}.Debug|Any CPU.Build.0 = Debug|Any CPU
		{CA33A53B-D4F7-4B88-B0BC-30957D37F519}.Release|Any CPU.ActiveCfg = Release|Any CPU
		{CA33A53B-D4F7-4B88-B0BC-30957D37F519}.Release|Any CPU.Build.0 = Release|Any CPU
		{01FB7D36-AD2D-43E5-8639-E1C49629D190}.Debug|Any CPU.ActiveCfg = Debug|Any CPU
		{01FB7D36-AD2D-43E5-8639-E1C49629D190}.Debug|Any CPU.Build.0 = Debug|Any CPU
		{01FB7D36-AD2D-43E5-8639-E1C49629D190}.Release|Any CPU.ActiveCfg = Release|Any CPU
		{01FB7D36-AD2D-43E5-8639-E1C49629D190}.Release|Any CPU.Build.0 = Release|Any CPU
		{FE71246E-2BFB-4E26-BF5C-BC8DA765D65B}.Debug|Any CPU.ActiveCfg = Debug|Any CPU
		{FE71246E-2BFB-4E26-BF5C-BC8DA765D65B}.Debug|Any CPU.Build.0 = Debug|Any CPU
		{FE71246E-2BFB-4E26-BF5C-BC8DA765D65B}.Release|Any CPU.ActiveCfg = Release|Any CPU
		{FE71246E-2BFB-4E26-BF5C-BC8DA765D65B}.Release|Any CPU.Build.0 = Release|Any CPU
		{2EBE03E7-EABC-4ABF-AE6C-2AAFE7B93A09}.Debug|Any CPU.ActiveCfg = Debug|Any CPU
		{2EBE03E7-EABC-4ABF-AE6C-2AAFE7B93A09}.Debug|Any CPU.Build.0 = Debug|Any CPU
		{2EBE03E7-EABC-4ABF-AE6C-2AAFE7B93A09}.Release|Any CPU.ActiveCfg = Release|Any CPU
		{2EBE03E7-EABC-4ABF-AE6C-2AAFE7B93A09}.Release|Any CPU.Build.0 = Release|Any CPU
		{FD8E20E9-54D9-47D2-B043-4BBD0BC13BBB}.Debug|Any CPU.ActiveCfg = Debug|Any CPU
		{FD8E20E9-54D9-47D2-B043-4BBD0BC13BBB}.Debug|Any CPU.Build.0 = Debug|Any CPU
		{FD8E20E9-54D9-47D2-B043-4BBD0BC13BBB}.Release|Any CPU.ActiveCfg = Release|Any CPU
		{FD8E20E9-54D9-47D2-B043-4BBD0BC13BBB}.Release|Any CPU.Build.0 = Release|Any CPU
		{4C402827-87A4-4D46-ACE6-9D66D185A18E}.Debug|Any CPU.ActiveCfg = Debug|Any CPU
		{4C402827-87A4-4D46-ACE6-9D66D185A18E}.Debug|Any CPU.Build.0 = Debug|Any CPU
		{4C402827-87A4-4D46-ACE6-9D66D185A18E}.Release|Any CPU.ActiveCfg = Release|Any CPU
		{4C402827-87A4-4D46-ACE6-9D66D185A18E}.Release|Any CPU.Build.0 = Release|Any CPU
		{E8A50F06-0582-4088-9913-DD65D1990529}.Debug|Any CPU.ActiveCfg = Debug|Any CPU
		{E8A50F06-0582-4088-9913-DD65D1990529}.Debug|Any CPU.Build.0 = Debug|Any CPU
		{E8A50F06-0582-4088-9913-DD65D1990529}.Release|Any CPU.ActiveCfg = Release|Any CPU
		{E8A50F06-0582-4088-9913-DD65D1990529}.Release|Any CPU.Build.0 = Release|Any CPU
	EndGlobalSection
	GlobalSection(SolutionProperties) = preSolution
		HideSolutionNode = FALSE
	EndGlobalSection
	GlobalSection(NestedProjects) = preSolution
		{F19F3E04-0875-483C-A795-F8A013B56E3C} = {08B14E0E-0C24-4EEE-9642-12761F163363}
		{7F467AAA-4BD2-4A6D-910B-B085282C279F} = {08B14E0E-0C24-4EEE-9642-12761F163363}
		{73833B0E-7411-41E7-B4B8-97CA3F4803C9} = {08B14E0E-0C24-4EEE-9642-12761F163363}
		{A45B0411-0096-42A2-B6FB-A05499C6AF0E} = {08B14E0E-0C24-4EEE-9642-12761F163363}
		{664B977F-2F59-4503-BAB6-6906A67EF685} = {08B14E0E-0C24-4EEE-9642-12761F163363}
		{34C5F0E3-A224-4256-996A-F96B9495B80A} = {098F451A-65DF-4766-8709-2B6B2C628B10}
		{5022A69C-3950-4429-B274-4342570DC21C} = {098F451A-65DF-4766-8709-2B6B2C628B10}
		{0915DC1F-DAA1-4E19-B518-BD674DEAABF8} = {098F451A-65DF-4766-8709-2B6B2C628B10}
		{1C50C98F-22A6-472F-906F-2AC31FEA8EB8} = {098F451A-65DF-4766-8709-2B6B2C628B10}
		{5BF6DF80-4537-4051-B92A-E174D36423A1} = {098F451A-65DF-4766-8709-2B6B2C628B10}
		{2AE3D6F8-1D67-4A7E-B04C-2BA4BDBB667B} = {AB3AC468-8EA6-49D1-91BE-315589514202}
		{8AD2A5BB-DFE8-4217-B162-E3550FEE2EF6} = {AB3AC468-8EA6-49D1-91BE-315589514202}
		{CA33A53B-D4F7-4B88-B0BC-30957D37F519} = {AB3AC468-8EA6-49D1-91BE-315589514202}
		{01FB7D36-AD2D-43E5-8639-E1C49629D190} = {AB3AC468-8EA6-49D1-91BE-315589514202}
		{FE71246E-2BFB-4E26-BF5C-BC8DA765D65B} = {C61013A6-5336-4770-956E-ACD065A646D0}
		{2EBE03E7-EABC-4ABF-AE6C-2AAFE7B93A09} = {C61013A6-5336-4770-956E-ACD065A646D0}
		{FD8E20E9-54D9-47D2-B043-4BBD0BC13BBB} = {C61013A6-5336-4770-956E-ACD065A646D0}
		{4C402827-87A4-4D46-ACE6-9D66D185A18E} = {C61013A6-5336-4770-956E-ACD065A646D0}
		{E8A50F06-0582-4088-9913-DD65D1990529} = {38EB8611-A773-453B-A527-8902D3D7C63C}
	EndGlobalSection
	GlobalSection(ExtensibilityGlobals) = postSolution
		SolutionGuid = {DC47F7DD-3366-4180-A7B4-0969C4F906CA}
	EndGlobalSection
EndGlobal
